
Microsoft Visual Studio Solution File, Format Version 12.00
# Visual Studio Version 17
VisualStudioVersion = 17.3.32922.545
MinimumVisualStudioVersion = 10.0.40219.1
Project("{FAE04EC0-301F-11D3-BF4B-00C04F79EFBC}") = "MindBoxTask", "MindBoxTask.csproj", "{C6CF835A-DCA8-4AED-96D0-F17FD1E389F6}"
EndProject
Project("{FAE04EC0-301F-11D3-BF4B-00C04F79EFBC}") = "MindBoxTask.Tests", "..\MindBoxTask.Tests\MindBoxTask.Tests.csproj", "{1F7C86D7-A407-4546-88CA-2A268F704944}"
EndProject
Global
	GlobalSection(SolutionConfigurationPlatforms) = preSolution
		Debug|Any CPU = Debug|Any CPU
		Release|Any CPU = Release|Any CPU
	EndGlobalSection
	GlobalSection(ProjectConfigurationPlatforms) = postSolution
		{C6CF835A-DCA8-4AED-96D0-F17FD1E389F6}.Debug|Any CPU.ActiveCfg = Debug|Any CPU
		{C6CF835A-DCA8-4AED-96D0-F17FD1E389F6}.Debug|Any CPU.Build.0 = Debug|Any CPU
		{C6CF835A-DCA8-4AED-96D0-F17FD1E389F6}.Release|Any CPU.ActiveCfg = Release|Any CPU
		{C6CF835A-DCA8-4AED-96D0-F17FD1E389F6}.Release|Any CPU.Build.0 = Release|Any CPU
		{1F7C86D7-A407-4546-88CA-2A268F704944}.Debug|Any CPU.ActiveCfg = Debug|Any CPU
		{1F7C86D7-A407-4546-88CA-2A268F704944}.Debug|Any CPU.Build.0 = Debug|Any CPU
		{1F7C86D7-A407-4546-88CA-2A268F704944}.Release|Any CPU.ActiveCfg = Release|Any CPU
		{1F7C86D7-A407-4546-88CA-2A268F704944}.Release|Any CPU.Build.0 = Release|Any CPU
	EndGlobalSection
	GlobalSection(SolutionProperties) = preSolution
		HideSolutionNode = FALSE
	EndGlobalSection
	GlobalSection(ExtensibilityGlobals) = postSolution
		SolutionGuid = {79792FE2-98A8-4803-B44F-4ECECB0B83CA}
	EndGlobalSection
EndGlobal
